
Microsoft Visual Studio Solution File, Format Version 12.00
# Visual Studio 14
VisualStudioVersion = 14.0.25420.1
MinimumVisualStudioVersion = 10.0.40219.1
Project("{FAE04EC0-301F-11D3-BF4B-00C04F79EFBC}") = "9_Solis_IngresePassword", "9_Solis_IngresePassword\9_Solis_IngresePassword.csproj", "{71632321-BD77-4E40-A101-8A215284DEEC}"
EndProject
Global
	GlobalSection(SolutionConfigurationPlatforms) = preSolution
		Debug|Any CPU = Debug|Any CPU
		Release|Any CPU = Release|Any CPU
	EndGlobalSection
	GlobalSection(ProjectConfigurationPlatforms) = postSolution
		{71632321-BD77-4E40-A101-8A215284DEEC}.Debug|Any CPU.ActiveCfg = Debug|Any CPU
		{71632321-BD77-4E40-A101-8A215284DEEC}.Debug|Any CPU.Build.0 = Debug|Any CPU
		{71632321-BD77-4E40-A101-8A215284DEEC}.Release|Any CPU.ActiveCfg = Release|Any CPU
		{71632321-BD77-4E40-A101-8A215284DEEC}.Release|Any CPU.Build.0 = Release|Any CPU
	EndGlobalSection
	GlobalSection(SolutionProperties) = preSolution
		HideSolutionNode = FALSE
	EndGlobalSection
EndGlobal
